
Microsoft Visual Studio Solution File, Format Version 12.00
Project("{2150E333-8FDC-42A3-9474-1A3956D46DE8}") = "Solution Items", "Solution Items", "{5133A722-85C0-4F9F-AFC8-0C1F5D65287A}"
	ProjectSection(SolutionItems) = preProject
		docker-compose.yml = docker-compose.yml
		.gitignore = .gitignore
	EndProjectSection
EndProject
Project("{FAE04EC0-301F-11D3-BF4B-00C04F79EFBC}") = "Scheduler.Infrastructure", "Scheduler.Infrastructure\Scheduler.Infrastructure.csproj", "{9FAAAE56-6CAA-4DA0-86F2-621994971C1D}"
EndProject
Project("{FAE04EC0-301F-11D3-BF4B-00C04F79EFBC}") = "Scheduler.Application", "Scheduler.Application\Scheduler.Application.csproj", "{07905A6E-17B4-47D1-9C62-D85982D7933D}"
EndProject
Project("{2150E333-8FDC-42A3-9474-1A3956D46DE8}") = "src", "src", "{968DCDE7-42A3-4E8D-98A2-BE2274671A5E}"
EndProject
Project("{2150E333-8FDC-42A3-9474-1A3956D46DE8}") = "tests", "tests", "{3EA5BE11-D039-49C8-A3AD-D0151DCA7FB6}"
EndProject
Project("{FAE04EC0-301F-11D3-BF4B-00C04F79EFBC}") = "Scheduler.Domain", "Scheduler.Domain\Scheduler.Domain.csproj", "{2F7B43F6-6300-45D9-A5A7-7DDCB295C2B6}"
EndProject
Project("{2150E333-8FDC-42A3-9474-1A3956D46DE8}") = "Calendar", "Calendar", "{8ED3C1C6-9A03-4591-88DE-0D77C5F53191}"
EndProject
Project("{2150E333-8FDC-42A3-9474-1A3956D46DE8}") = "Scheduling", "Scheduling", "{9E7B8F3C-DDED-4717-8D0F-32F6536F6809}"
EndProject
Project("{FAE04EC0-301F-11D3-BF4B-00C04F79EFBC}") = "Calendar.Application", "src\Calendar\Calendar.Application\Calendar.Application.csproj", "{F251B190-12EE-48DE-B31C-DFCED9E02821}"
EndProject
Project("{FAE04EC0-301F-11D3-BF4B-00C04F79EFBC}") = "Calendar.Domain", "src\Calendar\Calendar.Domain\Calendar.Domain.csproj", "{37D12AC3-805A-4A9C-B5A0-7466B512E87C}"
EndProject
Project("{FAE04EC0-301F-11D3-BF4B-00C04F79EFBC}") = "Scheduling.Application", "src\Scheduling\Scheduling.Application\Scheduling.Application.csproj", "{FB72BCAE-EDB9-40F5-96FF-5AD6C1BBCF73}"
EndProject
Project("{FAE04EC0-301F-11D3-BF4B-00C04F79EFBC}") = "Scheduling.Domain", "src\Scheduling\Scheduling.Domain\Scheduling.Domain.csproj", "{6522719A-FC83-42D2-B40A-3B683D537642}"
EndProject
Project("{FAE04EC0-301F-11D3-BF4B-00C04F79EFBC}") = "Api", "src\Api\Api.csproj", "{055A589A-9BAF-40AE-ABEB-44D7ED2C0395}"
EndProject
Project("{FAE04EC0-301F-11D3-BF4B-00C04F79EFBC}") = "SharedKernel", "src\SharedKernel\SharedKernel.csproj", "{490BAFF4-42EC-4430-9269-39CDF1AC37A8}"
EndProject
Project("{FAE04EC0-301F-11D3-BF4B-00C04F79EFBC}") = "Scheduler.Shared.Tests", "tests\Scheduler.Shared.Tests\Scheduler.Shared.Tests.csproj", "{49D9FDAE-74D8-4E9D-AB39-28C6EBA8DA22}"
EndProject
Project("{FAE04EC0-301F-11D3-BF4B-00C04F79EFBC}") = "Scheduler.Domain.Tests", "tests\Scheduler.Domain.Tests\Scheduler.Domain.Tests.csproj", "{E257D8C0-1415-45C6-96C2-8CFD04085419}"
EndProject
Project("{FAE04EC0-301F-11D3-BF4B-00C04F79EFBC}") = "Scheduler.Application.Tests", "tests\Scheduler.Application.Tests\Scheduler.Application.Tests.csproj", "{1C5C7EAB-D8CC-4EA9-855E-845EE15D0A29}"
EndProject
Project("{FAE04EC0-301F-11D3-BF4B-00C04F79EFBC}") = "Infrastructure", "Infrastructure\Infrastructure.csproj", "{90F4B337-90C3-4F2E-8FD8-2665DF2A4272}"
EndProject
Global
	GlobalSection(SolutionConfigurationPlatforms) = preSolution
		Debug|Any CPU = Debug|Any CPU
		Release|Any CPU = Release|Any CPU
	EndGlobalSection
	GlobalSection(ProjectConfigurationPlatforms) = postSolution
		{9FAAAE56-6CAA-4DA0-86F2-621994971C1D}.Debug|Any CPU.ActiveCfg = Debug|Any CPU
		{9FAAAE56-6CAA-4DA0-86F2-621994971C1D}.Debug|Any CPU.Build.0 = Debug|Any CPU
		{9FAAAE56-6CAA-4DA0-86F2-621994971C1D}.Release|Any CPU.ActiveCfg = Release|Any CPU
		{9FAAAE56-6CAA-4DA0-86F2-621994971C1D}.Release|Any CPU.Build.0 = Release|Any CPU
		{07905A6E-17B4-47D1-9C62-D85982D7933D}.Debug|Any CPU.ActiveCfg = Debug|Any CPU
		{07905A6E-17B4-47D1-9C62-D85982D7933D}.Debug|Any CPU.Build.0 = Debug|Any CPU
		{07905A6E-17B4-47D1-9C62-D85982D7933D}.Release|Any CPU.ActiveCfg = Release|Any CPU
		{07905A6E-17B4-47D1-9C62-D85982D7933D}.Release|Any CPU.Build.0 = Release|Any CPU
		{2F7B43F6-6300-45D9-A5A7-7DDCB295C2B6}.Debug|Any CPU.ActiveCfg = Debug|Any CPU
		{2F7B43F6-6300-45D9-A5A7-7DDCB295C2B6}.Debug|Any CPU.Build.0 = Debug|Any CPU
		{2F7B43F6-6300-45D9-A5A7-7DDCB295C2B6}.Release|Any CPU.ActiveCfg = Release|Any CPU
		{2F7B43F6-6300-45D9-A5A7-7DDCB295C2B6}.Release|Any CPU.Build.0 = Release|Any CPU
		{F251B190-12EE-48DE-B31C-DFCED9E02821}.Debug|Any CPU.ActiveCfg = Debug|Any CPU
		{F251B190-12EE-48DE-B31C-DFCED9E02821}.Debug|Any CPU.Build.0 = Debug|Any CPU
		{F251B190-12EE-48DE-B31C-DFCED9E02821}.Release|Any CPU.ActiveCfg = Release|Any CPU
		{F251B190-12EE-48DE-B31C-DFCED9E02821}.Release|Any CPU.Build.0 = Release|Any CPU
		{37D12AC3-805A-4A9C-B5A0-7466B512E87C}.Debug|Any CPU.ActiveCfg = Debug|Any CPU
		{37D12AC3-805A-4A9C-B5A0-7466B512E87C}.Debug|Any CPU.Build.0 = Debug|Any CPU
		{37D12AC3-805A-4A9C-B5A0-7466B512E87C}.Release|Any CPU.ActiveCfg = Release|Any CPU
		{37D12AC3-805A-4A9C-B5A0-7466B512E87C}.Release|Any CPU.Build.0 = Release|Any CPU
		{FB72BCAE-EDB9-40F5-96FF-5AD6C1BBCF73}.Debug|Any CPU.ActiveCfg = Debug|Any CPU
		{FB72BCAE-EDB9-40F5-96FF-5AD6C1BBCF73}.Debug|Any CPU.Build.0 = Debug|Any CPU
		{FB72BCAE-EDB9-40F5-96FF-5AD6C1BBCF73}.Release|Any CPU.ActiveCfg = Release|Any CPU
		{FB72BCAE-EDB9-40F5-96FF-5AD6C1BBCF73}.Release|Any CPU.Build.0 = Release|Any CPU
		{6522719A-FC83-42D2-B40A-3B683D537642}.Debug|Any CPU.ActiveCfg = Debug|Any CPU
		{6522719A-FC83-42D2-B40A-3B683D537642}.Debug|Any CPU.Build.0 = Debug|Any CPU
		{6522719A-FC83-42D2-B40A-3B683D537642}.Release|Any CPU.ActiveCfg = Release|Any CPU
		{6522719A-FC83-42D2-B40A-3B683D537642}.Release|Any CPU.Build.0 = Release|Any CPU
		{055A589A-9BAF-40AE-ABEB-44D7ED2C0395}.Debug|Any CPU.ActiveCfg = Debug|Any CPU
		{055A589A-9BAF-40AE-ABEB-44D7ED2C0395}.Debug|Any CPU.Build.0 = Debug|Any CPU
		{055A589A-9BAF-40AE-ABEB-44D7ED2C0395}.Release|Any CPU.ActiveCfg = Release|Any CPU
		{055A589A-9BAF-40AE-ABEB-44D7ED2C0395}.Release|Any CPU.Build.0 = Release|Any CPU
		{490BAFF4-42EC-4430-9269-39CDF1AC37A8}.Debug|Any CPU.ActiveCfg = Debug|Any CPU
		{490BAFF4-42EC-4430-9269-39CDF1AC37A8}.Debug|Any CPU.Build.0 = Debug|Any CPU
		{490BAFF4-42EC-4430-9269-39CDF1AC37A8}.Release|Any CPU.ActiveCfg = Release|Any CPU
		{490BAFF4-42EC-4430-9269-39CDF1AC37A8}.Release|Any CPU.Build.0 = Release|Any CPU
		{49D9FDAE-74D8-4E9D-AB39-28C6EBA8DA22}.Debug|Any CPU.ActiveCfg = Debug|Any CPU
		{49D9FDAE-74D8-4E9D-AB39-28C6EBA8DA22}.Debug|Any CPU.Build.0 = Debug|Any CPU
		{49D9FDAE-74D8-4E9D-AB39-28C6EBA8DA22}.Release|Any CPU.ActiveCfg = Release|Any CPU
		{49D9FDAE-74D8-4E9D-AB39-28C6EBA8DA22}.Release|Any CPU.Build.0 = Release|Any CPU
		{E257D8C0-1415-45C6-96C2-8CFD04085419}.Debug|Any CPU.ActiveCfg = Debug|Any CPU
		{E257D8C0-1415-45C6-96C2-8CFD04085419}.Debug|Any CPU.Build.0 = Debug|Any CPU
		{E257D8C0-1415-45C6-96C2-8CFD04085419}.Release|Any CPU.ActiveCfg = Release|Any CPU
		{E257D8C0-1415-45C6-96C2-8CFD04085419}.Release|Any CPU.Build.0 = Release|Any CPU
		{1C5C7EAB-D8CC-4EA9-855E-845EE15D0A29}.Debug|Any CPU.ActiveCfg = Debug|Any CPU
		{1C5C7EAB-D8CC-4EA9-855E-845EE15D0A29}.Debug|Any CPU.Build.0 = Debug|Any CPU
		{1C5C7EAB-D8CC-4EA9-855E-845EE15D0A29}.Release|Any CPU.ActiveCfg = Release|Any CPU
		{1C5C7EAB-D8CC-4EA9-855E-845EE15D0A29}.Release|Any CPU.Build.0 = Release|Any CPU
		{90F4B337-90C3-4F2E-8FD8-2665DF2A4272}.Debug|Any CPU.ActiveCfg = Debug|Any CPU
		{90F4B337-90C3-4F2E-8FD8-2665DF2A4272}.Debug|Any CPU.Build.0 = Debug|Any CPU
		{90F4B337-90C3-4F2E-8FD8-2665DF2A4272}.Release|Any CPU.ActiveCfg = Release|Any CPU
		{90F4B337-90C3-4F2E-8FD8-2665DF2A4272}.Release|Any CPU.Build.0 = Release|Any CPU
	EndGlobalSection
	GlobalSection(NestedProjects) = preSolution
		{07905A6E-17B4-47D1-9C62-D85982D7933D} = {968DCDE7-42A3-4E8D-98A2-BE2274671A5E}
		{9FAAAE56-6CAA-4DA0-86F2-621994971C1D} = {968DCDE7-42A3-4E8D-98A2-BE2274671A5E}
		{2F7B43F6-6300-45D9-A5A7-7DDCB295C2B6} = {968DCDE7-42A3-4E8D-98A2-BE2274671A5E}
		{8ED3C1C6-9A03-4591-88DE-0D77C5F53191} = {968DCDE7-42A3-4E8D-98A2-BE2274671A5E}
		{9E7B8F3C-DDED-4717-8D0F-32F6536F6809} = {968DCDE7-42A3-4E8D-98A2-BE2274671A5E}
		{F251B190-12EE-48DE-B31C-DFCED9E02821} = {8ED3C1C6-9A03-4591-88DE-0D77C5F53191}
		{37D12AC3-805A-4A9C-B5A0-7466B512E87C} = {8ED3C1C6-9A03-4591-88DE-0D77C5F53191}
		{FB72BCAE-EDB9-40F5-96FF-5AD6C1BBCF73} = {9E7B8F3C-DDED-4717-8D0F-32F6536F6809}
		{6522719A-FC83-42D2-B40A-3B683D537642} = {9E7B8F3C-DDED-4717-8D0F-32F6536F6809}
		{055A589A-9BAF-40AE-ABEB-44D7ED2C0395} = {968DCDE7-42A3-4E8D-98A2-BE2274671A5E}
		{490BAFF4-42EC-4430-9269-39CDF1AC37A8} = {968DCDE7-42A3-4E8D-98A2-BE2274671A5E}
		{49D9FDAE-74D8-4E9D-AB39-28C6EBA8DA22} = {3EA5BE11-D039-49C8-A3AD-D0151DCA7FB6}
		{E257D8C0-1415-45C6-96C2-8CFD04085419} = {3EA5BE11-D039-49C8-A3AD-D0151DCA7FB6}
		{1C5C7EAB-D8CC-4EA9-855E-845EE15D0A29} = {3EA5BE11-D039-49C8-A3AD-D0151DCA7FB6}
		{90F4B337-90C3-4F2E-8FD8-2665DF2A4272} = {968DCDE7-42A3-4E8D-98A2-BE2274671A5E}
	EndGlobalSection
EndGlobal
