
Microsoft Visual Studio Solution File, Format Version 12.00
Project("{2150E333-8FDC-42A3-9474-1A3956D46DE8}") = "Solution Items", "Solution Items", "{5133A722-85C0-4F9F-AFC8-0C1F5D65287A}"
	ProjectSection(SolutionItems) = preProject
		docker-compose.yml = docker-compose.yml
		.gitignore = .gitignore
	EndProjectSection
EndProject
Project("{2150E333-8FDC-42A3-9474-1A3956D46DE8}") = "src", "src", "{968DCDE7-42A3-4E8D-98A2-BE2274671A5E}"
EndProject
Project("{2150E333-8FDC-42A3-9474-1A3956D46DE8}") = "tests", "tests", "{3EA5BE11-D039-49C8-A3AD-D0151DCA7FB6}"
EndProject
Project("{FAE04EC0-301F-11D3-BF4B-00C04F79EFBC}") = "Api", "src\Api\Api.csproj", "{055A589A-9BAF-40AE-ABEB-44D7ED2C0395}"
EndProject
Project("{FAE04EC0-301F-11D3-BF4B-00C04F79EFBC}") = "SharedKernel", "src\SharedKernel\SharedKernel.csproj", "{490BAFF4-42EC-4430-9269-39CDF1AC37A8}"
EndProject
Project("{FAE04EC0-301F-11D3-BF4B-00C04F79EFBC}") = "Scheduler.Shared.Tests", "tests\Scheduler.Shared.Tests\Scheduler.Shared.Tests.csproj", "{49D9FDAE-74D8-4E9D-AB39-28C6EBA8DA22}"
EndProject
Project("{FAE04EC0-301F-11D3-BF4B-00C04F79EFBC}") = "Scheduler.Domain.Tests", "tests\Scheduler.Domain.Tests\Scheduler.Domain.Tests.csproj", "{E257D8C0-1415-45C6-96C2-8CFD04085419}"
EndProject
Project("{FAE04EC0-301F-11D3-BF4B-00C04F79EFBC}") = "Scheduler.Application.Tests", "tests\Scheduler.Application.Tests\Scheduler.Application.Tests.csproj", "{1C5C7EAB-D8CC-4EA9-855E-845EE15D0A29}"
EndProject
Project("{FAE04EC0-301F-11D3-BF4B-00C04F79EFBC}") = "Application", "src\Application\Application.csproj", "{126E90AF-67F3-4F81-9E96-9F26D77C1D43}"
EndProject
Project("{FAE04EC0-301F-11D3-BF4B-00C04F79EFBC}") = "Calendar.Domain", "src\Calendar.Domain\Calendar.Domain.csproj", "{7303EE60-A818-480A-B79B-1A4F1298881E}"
EndProject
Project("{FAE04EC0-301F-11D3-BF4B-00C04F79EFBC}") = "Scheduling.Domain", "src\Scheduling.Domain\Scheduling.Domain.csproj", "{97A0B08A-F543-454F-8657-95BE6E21258A}"
EndProject
Project("{FAE04EC0-301F-11D3-BF4B-00C04F79EFBC}") = "Infrastructure", "src\Infrastructure\Infrastructure.csproj", "{9EB44FA0-2213-4162-8456-B4A218122828}"
EndProject
Global
	GlobalSection(SolutionConfigurationPlatforms) = preSolution
		Debug|Any CPU = Debug|Any CPU
		Release|Any CPU = Release|Any CPU
	EndGlobalSection
	GlobalSection(ProjectConfigurationPlatforms) = postSolution
		{055A589A-9BAF-40AE-ABEB-44D7ED2C0395}.Debug|Any CPU.ActiveCfg = Debug|Any CPU
		{055A589A-9BAF-40AE-ABEB-44D7ED2C0395}.Debug|Any CPU.Build.0 = Debug|Any CPU
		{055A589A-9BAF-40AE-ABEB-44D7ED2C0395}.Release|Any CPU.ActiveCfg = Release|Any CPU
		{055A589A-9BAF-40AE-ABEB-44D7ED2C0395}.Release|Any CPU.Build.0 = Release|Any CPU
		{490BAFF4-42EC-4430-9269-39CDF1AC37A8}.Debug|Any CPU.ActiveCfg = Debug|Any CPU
		{490BAFF4-42EC-4430-9269-39CDF1AC37A8}.Debug|Any CPU.Build.0 = Debug|Any CPU
		{490BAFF4-42EC-4430-9269-39CDF1AC37A8}.Release|Any CPU.ActiveCfg = Release|Any CPU
		{490BAFF4-42EC-4430-9269-39CDF1AC37A8}.Release|Any CPU.Build.0 = Release|Any CPU
		{49D9FDAE-74D8-4E9D-AB39-28C6EBA8DA22}.Debug|Any CPU.ActiveCfg = Debug|Any CPU
		{49D9FDAE-74D8-4E9D-AB39-28C6EBA8DA22}.Debug|Any CPU.Build.0 = Debug|Any CPU
		{49D9FDAE-74D8-4E9D-AB39-28C6EBA8DA22}.Release|Any CPU.ActiveCfg = Release|Any CPU
		{49D9FDAE-74D8-4E9D-AB39-28C6EBA8DA22}.Release|Any CPU.Build.0 = Release|Any CPU
		{E257D8C0-1415-45C6-96C2-8CFD04085419}.Debug|Any CPU.ActiveCfg = Debug|Any CPU
		{E257D8C0-1415-45C6-96C2-8CFD04085419}.Debug|Any CPU.Build.0 = Debug|Any CPU
		{E257D8C0-1415-45C6-96C2-8CFD04085419}.Release|Any CPU.ActiveCfg = Release|Any CPU
		{E257D8C0-1415-45C6-96C2-8CFD04085419}.Release|Any CPU.Build.0 = Release|Any CPU
		{1C5C7EAB-D8CC-4EA9-855E-845EE15D0A29}.Debug|Any CPU.ActiveCfg = Debug|Any CPU
		{1C5C7EAB-D8CC-4EA9-855E-845EE15D0A29}.Debug|Any CPU.Build.0 = Debug|Any CPU
		{1C5C7EAB-D8CC-4EA9-855E-845EE15D0A29}.Release|Any CPU.ActiveCfg = Release|Any CPU
		{1C5C7EAB-D8CC-4EA9-855E-845EE15D0A29}.Release|Any CPU.Build.0 = Release|Any CPU
		{126E90AF-67F3-4F81-9E96-9F26D77C1D43}.Debug|Any CPU.ActiveCfg = Debug|Any CPU
		{126E90AF-67F3-4F81-9E96-9F26D77C1D43}.Debug|Any CPU.Build.0 = Debug|Any CPU
		{126E90AF-67F3-4F81-9E96-9F26D77C1D43}.Release|Any CPU.ActiveCfg = Release|Any CPU
		{126E90AF-67F3-4F81-9E96-9F26D77C1D43}.Release|Any CPU.Build.0 = Release|Any CPU
		{7303EE60-A818-480A-B79B-1A4F1298881E}.Debug|Any CPU.ActiveCfg = Debug|Any CPU
		{7303EE60-A818-480A-B79B-1A4F1298881E}.Debug|Any CPU.Build.0 = Debug|Any CPU
		{7303EE60-A818-480A-B79B-1A4F1298881E}.Release|Any CPU.ActiveCfg = Release|Any CPU
		{7303EE60-A818-480A-B79B-1A4F1298881E}.Release|Any CPU.Build.0 = Release|Any CPU
		{97A0B08A-F543-454F-8657-95BE6E21258A}.Debug|Any CPU.ActiveCfg = Debug|Any CPU
		{97A0B08A-F543-454F-8657-95BE6E21258A}.Debug|Any CPU.Build.0 = Debug|Any CPU
		{97A0B08A-F543-454F-8657-95BE6E21258A}.Release|Any CPU.ActiveCfg = Release|Any CPU
		{97A0B08A-F543-454F-8657-95BE6E21258A}.Release|Any CPU.Build.0 = Release|Any CPU
		{9EB44FA0-2213-4162-8456-B4A218122828}.Debug|Any CPU.ActiveCfg = Debug|Any CPU
		{9EB44FA0-2213-4162-8456-B4A218122828}.Debug|Any CPU.Build.0 = Debug|Any CPU
		{9EB44FA0-2213-4162-8456-B4A218122828}.Release|Any CPU.ActiveCfg = Release|Any CPU
		{9EB44FA0-2213-4162-8456-B4A218122828}.Release|Any CPU.Build.0 = Release|Any CPU
	EndGlobalSection
	GlobalSection(NestedProjects) = preSolution
		{055A589A-9BAF-40AE-ABEB-44D7ED2C0395} = {968DCDE7-42A3-4E8D-98A2-BE2274671A5E}
		{490BAFF4-42EC-4430-9269-39CDF1AC37A8} = {968DCDE7-42A3-4E8D-98A2-BE2274671A5E}
		{49D9FDAE-74D8-4E9D-AB39-28C6EBA8DA22} = {3EA5BE11-D039-49C8-A3AD-D0151DCA7FB6}
		{E257D8C0-1415-45C6-96C2-8CFD04085419} = {3EA5BE11-D039-49C8-A3AD-D0151DCA7FB6}
		{1C5C7EAB-D8CC-4EA9-855E-845EE15D0A29} = {3EA5BE11-D039-49C8-A3AD-D0151DCA7FB6}
		{126E90AF-67F3-4F81-9E96-9F26D77C1D43} = {968DCDE7-42A3-4E8D-98A2-BE2274671A5E}
		{7303EE60-A818-480A-B79B-1A4F1298881E} = {968DCDE7-42A3-4E8D-98A2-BE2274671A5E}
		{97A0B08A-F543-454F-8657-95BE6E21258A} = {968DCDE7-42A3-4E8D-98A2-BE2274671A5E}
		{9EB44FA0-2213-4162-8456-B4A218122828} = {968DCDE7-42A3-4E8D-98A2-BE2274671A5E}
	EndGlobalSection
EndGlobal
